// !$*UTF8*$!
{
	archiveVersion = 1;
	classes = {
	};
	objectVersion = 50;
	objects = {

/* Begin PBXBuildFile section */
		2C413E4D26FE41680047DDCE /* AppDelegate.swift in Sources */ = {isa = PBXBuildFile; fileRef = 2C413E4C26FE41680047DDCE /* AppDelegate.swift */; };
		2C413E4F26FE41680047DDCE /* SceneDelegate.swift in Sources */ = {isa = PBXBuildFile; fileRef = 2C413E4E26FE41680047DDCE /* SceneDelegate.swift */; };
		2C413E5126FE41680047DDCE /* ViewController.swift in Sources */ = {isa = PBXBuildFile; fileRef = 2C413E5026FE41680047DDCE /* ViewController.swift */; };
		2C413E5426FE41680047DDCE /* Main.storyboard in Resources */ = {isa = PBXBuildFile; fileRef = 2C413E5226FE41680047DDCE /* Main.storyboard */; };
		2C413E5626FE41690047DDCE /* Assets.xcassets in Resources */ = {isa = PBXBuildFile; fileRef = 2C413E5526FE41690047DDCE /* Assets.xcassets */; };
		2C413E5926FE41690047DDCE /* LaunchScreen.storyboard in Resources */ = {isa = PBXBuildFile; fileRef = 2C413E5726FE41690047DDCE /* LaunchScreen.storyboard */; };
		2C413E6326FF9D7E0047DDCE /* SettingViewController.swift in Sources */ = {isa = PBXBuildFile; fileRef = 2C413E6226FF9D7E0047DDCE /* SettingViewController.swift */; };
		2C413E6526FF9DE40047DDCE /* ShakeGame.swift in Sources */ = {isa = PBXBuildFile; fileRef = 2C413E6426FF9DE40047DDCE /* ShakeGame.swift */; };
		2C413ECA2709D0700047DDCE /* Alamofire.framework in Frameworks */ = {isa = PBXBuildFile; fileRef = 2C413EBB2709D0620047DDCE /* Alamofire.framework */; };
		2C413ECB2709D0700047DDCE /* Alamofire.framework in Embed Frameworks */ = {isa = PBXBuildFile; fileRef = 2C413EBB2709D0620047DDCE /* Alamofire.framework */; settings = {ATTRIBUTES = (CodeSignOnCopy, RemoveHeadersOnCopy, ); }; };
		2C4315CD270C365100D58811 /* SwiftyJSON.framework in Frameworks */ = {isa = PBXBuildFile; fileRef = 2C4315BF270C360C00D58811 /* SwiftyJSON.framework */; };
		2C4315CE270C365100D58811 /* SwiftyJSON.framework in Embed Frameworks */ = {isa = PBXBuildFile; fileRef = 2C4315BF270C360C00D58811 /* SwiftyJSON.framework */; settings = {ATTRIBUTES = (CodeSignOnCopy, RemoveHeadersOnCopy, ); }; };
/* End PBXBuildFile section */

/* Begin PBXContainerItemProxy section */
		2C413EBA2709D0620047DDCE /* PBXContainerItemProxy */ = {
			isa = PBXContainerItemProxy;
			containerPortal = 2C413EAF2709D0620047DDCE /* Alamofire.xcodeproj */;
			proxyType = 2;
			remoteGlobalIDString = F8111E3319A95C8B0040E7D1;
			remoteInfo = "Alamofire iOS";
		};
		2C413EBC2709D0620047DDCE /* PBXContainerItemProxy */ = {
			isa = PBXContainerItemProxy;
			containerPortal = 2C413EAF2709D0620047DDCE /* Alamofire.xcodeproj */;
			proxyType = 2;
			remoteGlobalIDString = F8111E3E19A95C8B0040E7D1;
			remoteInfo = "Alamofire iOS Tests";
		};
		2C413EBE2709D0620047DDCE /* PBXContainerItemProxy */ = {
			isa = PBXContainerItemProxy;
			containerPortal = 2C413EAF2709D0620047DDCE /* Alamofire.xcodeproj */;
			proxyType = 2;
			remoteGlobalIDString = 4DD67C0B1A5C55C900ED2280;
			remoteInfo = "Alamofire macOS";
		};
		2C413EC02709D0620047DDCE /* PBXContainerItemProxy */ = {
			isa = PBXContainerItemProxy;
			containerPortal = 2C413EAF2709D0620047DDCE /* Alamofire.xcodeproj */;
			proxyType = 2;
			remoteGlobalIDString = F829C6B21A7A94F100A2CD59;
			remoteInfo = "Alamofire macOS Tests";
		};
		2C413EC22709D0620047DDCE /* PBXContainerItemProxy */ = {
			isa = PBXContainerItemProxy;
			containerPortal = 2C413EAF2709D0620047DDCE /* Alamofire.xcodeproj */;
			proxyType = 2;
			remoteGlobalIDString = 4CF626EF1BA7CB3E0011A099;
			remoteInfo = "Alamofire tvOS";
		};
		2C413EC42709D0620047DDCE /* PBXContainerItemProxy */ = {
			isa = PBXContainerItemProxy;
			containerPortal = 2C413EAF2709D0620047DDCE /* Alamofire.xcodeproj */;
			proxyType = 2;
			remoteGlobalIDString = 4CF626F81BA7CB3E0011A099;
			remoteInfo = "Alamofire tvOS Tests";
		};
		2C413EC62709D0620047DDCE /* PBXContainerItemProxy */ = {
			isa = PBXContainerItemProxy;
			containerPortal = 2C413EAF2709D0620047DDCE /* Alamofire.xcodeproj */;
			proxyType = 2;
			remoteGlobalIDString = E4202FE01B667AA100C997FB;
			remoteInfo = "Alamofire watchOS";
		};
		2C413EC82709D0620047DDCE /* PBXContainerItemProxy */ = {
			isa = PBXContainerItemProxy;
			containerPortal = 2C413EAF2709D0620047DDCE /* Alamofire.xcodeproj */;
			proxyType = 2;
			remoteGlobalIDString = 31293065263E17D600473CEA;
			remoteInfo = "Alamofire watchOS Tests";
		};
		2C413ED82709D0830047DDCE /* PBXContainerItemProxy */ = {
			isa = PBXContainerItemProxy;
			containerPortal = 2C413ECD2709D0830047DDCE /* Alamofire.xcodeproj */;
			proxyType = 2;
			remoteGlobalIDString = F8111E3319A95C8B0040E7D1;
			remoteInfo = "Alamofire iOS";
		};
		2C413EDA2709D0830047DDCE /* PBXContainerItemProxy */ = {
			isa = PBXContainerItemProxy;
			containerPortal = 2C413ECD2709D0830047DDCE /* Alamofire.xcodeproj */;
			proxyType = 2;
			remoteGlobalIDString = F8111E3E19A95C8B0040E7D1;
			remoteInfo = "Alamofire iOS Tests";
		};
		2C413EDC2709D0830047DDCE /* PBXContainerItemProxy */ = {
			isa = PBXContainerItemProxy;
			containerPortal = 2C413ECD2709D0830047DDCE /* Alamofire.xcodeproj */;
			proxyType = 2;
			remoteGlobalIDString = 4DD67C0B1A5C55C900ED2280;
			remoteInfo = "Alamofire macOS";
		};
		2C413EDE2709D0830047DDCE /* PBXContainerItemProxy */ = {
			isa = PBXContainerItemProxy;
			containerPortal = 2C413ECD2709D0830047DDCE /* Alamofire.xcodeproj */;
			proxyType = 2;
			remoteGlobalIDString = F829C6B21A7A94F100A2CD59;
			remoteInfo = "Alamofire macOS Tests";
		};
		2C413EE02709D0830047DDCE /* PBXContainerItemProxy */ = {
			isa = PBXContainerItemProxy;
			containerPortal = 2C413ECD2709D0830047DDCE /* Alamofire.xcodeproj */;
			proxyType = 2;
			remoteGlobalIDString = 4CF626EF1BA7CB3E0011A099;
			remoteInfo = "Alamofire tvOS";
		};
		2C413EE22709D0830047DDCE /* PBXContainerItemProxy */ = {
			isa = PBXContainerItemProxy;
			containerPortal = 2C413ECD2709D0830047DDCE /* Alamofire.xcodeproj */;
			proxyType = 2;
			remoteGlobalIDString = 4CF626F81BA7CB3E0011A099;
			remoteInfo = "Alamofire tvOS Tests";
		};
		2C413EE42709D0830047DDCE /* PBXContainerItemProxy */ = {
			isa = PBXContainerItemProxy;
			containerPortal = 2C413ECD2709D0830047DDCE /* Alamofire.xcodeproj */;
			proxyType = 2;
			remoteGlobalIDString = E4202FE01B667AA100C997FB;
			remoteInfo = "Alamofire watchOS";
		};
		2C413EE62709D0830047DDCE /* PBXContainerItemProxy */ = {
			isa = PBXContainerItemProxy;
			containerPortal = 2C413ECD2709D0830047DDCE /* Alamofire.xcodeproj */;
			proxyType = 2;
			remoteGlobalIDString = 31293065263E17D600473CEA;
			remoteInfo = "Alamofire watchOS Tests";
		};
		2C4315BE270C360C00D58811 /* PBXContainerItemProxy */ = {
			isa = PBXContainerItemProxy;
			containerPortal = 2C4315A3270C360C00D58811 /* SwiftyJSON.xcodeproj */;
			proxyType = 2;
			remoteGlobalIDString = 2E4FEFDB19575BE100351305;
			remoteInfo = "SwiftyJSON iOS";
		};
		2C4315C0270C360C00D58811 /* PBXContainerItemProxy */ = {
			isa = PBXContainerItemProxy;
			containerPortal = 2C4315A3270C360C00D58811 /* SwiftyJSON.xcodeproj */;
			proxyType = 2;
			remoteGlobalIDString = 2E4FEFE619575BE100351305;
			remoteInfo = "SwiftyJSON iOS Tests";
		};
		2C4315C2270C360C00D58811 /* PBXContainerItemProxy */ = {
			isa = PBXContainerItemProxy;
			containerPortal = 2C4315A3270C360C00D58811 /* SwiftyJSON.xcodeproj */;
			proxyType = 2;
			remoteGlobalIDString = 9C7DFC5B1A9102BD005AA3F7;
			remoteInfo = "SwiftyJSON macOS";
		};
		2C4315C4270C360C00D58811 /* PBXContainerItemProxy */ = {
			isa = PBXContainerItemProxy;
			containerPortal = 2C4315A3270C360C00D58811 /* SwiftyJSON.xcodeproj */;
			proxyType = 2;
			remoteGlobalIDString = 9C7DFC651A9102BD005AA3F7;
			remoteInfo = "SwiftyJSON macOS Tests";
		};
		2C4315C6270C360C00D58811 /* PBXContainerItemProxy */ = {
			isa = PBXContainerItemProxy;
			containerPortal = 2C4315A3270C360C00D58811 /* SwiftyJSON.xcodeproj */;
			proxyType = 2;
			remoteGlobalIDString = E4D7CCE81B9465A700EE7221;
			remoteInfo = "SwiftyJSON watchOS";
		};
		2C4315C8270C360C00D58811 /* PBXContainerItemProxy */ = {
			isa = PBXContainerItemProxy;
			containerPortal = 2C4315A3270C360C00D58811 /* SwiftyJSON.xcodeproj */;
			proxyType = 2;
			remoteGlobalIDString = 7236B4F61BAC14150020529B;
			remoteInfo = "SwiftyJSON tvOS";
		};
		2C4315CA270C360C00D58811 /* PBXContainerItemProxy */ = {
			isa = PBXContainerItemProxy;
			containerPortal = 2C4315A3270C360C00D58811 /* SwiftyJSON.xcodeproj */;
			proxyType = 2;
			remoteGlobalIDString = A8580F741BCF5C5B00DA927B;
			remoteInfo = "SwiftyJSON tvOS Tests";
		};
/* End PBXContainerItemProxy section */

/* Begin PBXCopyFilesBuildPhase section */
		2C413ECC2709D0700047DDCE /* Embed Frameworks */ = {
			isa = PBXCopyFilesBuildPhase;
			buildActionMask = 2147483647;
			dstPath = "";
			dstSubfolderSpec = 10;
			files = (
				2C4315CE270C365100D58811 /* SwiftyJSON.framework in Embed Frameworks */,
				2C413ECB2709D0700047DDCE /* Alamofire.framework in Embed Frameworks */,
			);
			name = "Embed Frameworks";
			runOnlyForDeploymentPostprocessing = 0;
		};
/* End PBXCopyFilesBuildPhase section */

/* Begin PBXFileReference section */
		2C413E4926FE41680047DDCE /* ShakeApp.app */ = {isa = PBXFileReference; explicitFileType = wrapper.application; includeInIndex = 0; path = ShakeApp.app; sourceTree = BUILT_PRODUCTS_DIR; };
		2C413E4C26FE41680047DDCE /* AppDelegate.swift */ = {isa = PBXFileReference; lastKnownFileType = sourcecode.swift; path = AppDelegate.swift; sourceTree = "<group>"; };
		2C413E4E26FE41680047DDCE /* SceneDelegate.swift */ = {isa = PBXFileReference; lastKnownFileType = sourcecode.swift; path = SceneDelegate.swift; sourceTree = "<group>"; };
		2C413E5026FE41680047DDCE /* ViewController.swift */ = {isa = PBXFileReference; lastKnownFileType = sourcecode.swift; path = ViewController.swift; sourceTree = "<group>"; };
		2C413E5326FE41680047DDCE /* Base */ = {isa = PBXFileReference; lastKnownFileType = file.storyboard; name = Base; path = Base.lproj/Main.storyboard; sourceTree = "<group>"; };
		2C413E5526FE41690047DDCE /* Assets.xcassets */ = {isa = PBXFileReference; lastKnownFileType = folder.assetcatalog; path = Assets.xcassets; sourceTree = "<group>"; };
		2C413E5826FE41690047DDCE /* Base */ = {isa = PBXFileReference; lastKnownFileType = file.storyboard; name = Base; path = Base.lproj/LaunchScreen.storyboard; sourceTree = "<group>"; };
		2C413E5A26FE41690047DDCE /* Info.plist */ = {isa = PBXFileReference; lastKnownFileType = text.plist.xml; path = Info.plist; sourceTree = "<group>"; };
		2C413E6226FF9D7E0047DDCE /* SettingViewController.swift */ = {isa = PBXFileReference; lastKnownFileType = sourcecode.swift; path = SettingViewController.swift; sourceTree = "<group>"; };
		2C413E6426FF9DE40047DDCE /* ShakeGame.swift */ = {isa = PBXFileReference; lastKnownFileType = sourcecode.swift; path = ShakeGame.swift; sourceTree = "<group>"; };
		2C413EAF2709D0620047DDCE /* Alamofire.xcodeproj */ = {isa = PBXFileReference; lastKnownFileType = "wrapper.pb-project"; name = Alamofire.xcodeproj; path = "../../../Alamofire-master/Alamofire.xcodeproj"; sourceTree = "<group>"; };
		2C413ECD2709D0830047DDCE /* Alamofire.xcodeproj */ = {isa = PBXFileReference; lastKnownFileType = "wrapper.pb-project"; name = Alamofire.xcodeproj; path = "../../../Alamofire-master/Alamofire.xcodeproj"; sourceTree = "<group>"; };
		2C4315A3270C360C00D58811 /* SwiftyJSON.xcodeproj */ = {isa = PBXFileReference; lastKnownFileType = "wrapper.pb-project"; name = SwiftyJSON.xcodeproj; path = "../../../SwiftyJSON-master/SwiftyJSON.xcodeproj"; sourceTree = "<group>"; };
		2C4315CC270C364900D58811 /* SwiftyJSON-master */ = {isa = PBXFileReference; lastKnownFileType = folder; name = "SwiftyJSON-master"; path = "../../../SwiftyJSON-master"; sourceTree = "<group>"; };
/* End PBXFileReference section */

/* Begin PBXFrameworksBuildPhase section */
		2C413E4626FE41680047DDCE /* Frameworks */ = {
			isa = PBXFrameworksBuildPhase;
			buildActionMask = 2147483647;
			files = (
				2C4315CD270C365100D58811 /* SwiftyJSON.framework in Frameworks */,
				2C413ECA2709D0700047DDCE /* Alamofire.framework in Frameworks */,
			);
			runOnlyForDeploymentPostprocessing = 0;
		};
/* End PBXFrameworksBuildPhase section */

/* Begin PBXGroup section */
		2C413E4026FE41680047DDCE = {
			isa = PBXGroup;
			children = (
				2C4315A3270C360C00D58811 /* SwiftyJSON.xcodeproj */,
				2C413ECD2709D0830047DDCE /* Alamofire.xcodeproj */,
				2C413E4B26FE41680047DDCE /* ShakeApp */,
				2C413E4A26FE41680047DDCE /* Products */,
				2C413EAE2709D0620047DDCE /* Frameworks */,
			);
			sourceTree = "<group>";
		};
		2C413E4A26FE41680047DDCE /* Products */ = {
			isa = PBXGroup;
			children = (
				2C413E4926FE41680047DDCE /* ShakeApp.app */,
			);
			name = Products;
			sourceTree = "<group>";
		};
		2C413E4B26FE41680047DDCE /* ShakeApp */ = {
			isa = PBXGroup;
			children = (
				2C413E4C26FE41680047DDCE /* AppDelegate.swift */,
				2C413E4E26FE41680047DDCE /* SceneDelegate.swift */,
				2C413E5026FE41680047DDCE /* ViewController.swift */,
				2C413E5226FE41680047DDCE /* Main.storyboard */,
				2C413E6426FF9DE40047DDCE /* ShakeGame.swift */,
				2C413E6226FF9D7E0047DDCE /* SettingViewController.swift */,
				2C413E5526FE41690047DDCE /* Assets.xcassets */,
				2C413E5726FE41690047DDCE /* LaunchScreen.storyboard */,
				2C413E5A26FE41690047DDCE /* Info.plist */,
			);
			path = ShakeApp;
			sourceTree = "<group>";
		};
		2C413EAE2709D0620047DDCE /* Frameworks */ = {
			isa = PBXGroup;
			children = (
				2C4315CC270C364900D58811 /* SwiftyJSON-master */,
				2C413EAF2709D0620047DDCE /* Alamofire.xcodeproj */,
			);
			name = Frameworks;
			sourceTree = "<group>";
		};
		2C413EB02709D0620047DDCE /* Products */ = {
			isa = PBXGroup;
			children = (
				2C413EBB2709D0620047DDCE /* Alamofire.framework */,
				2C413EBD2709D0620047DDCE /* Alamofire iOS Tests.xctest */,
				2C413EBF2709D0620047DDCE /* Alamofire.framework */,
				2C413EC12709D0620047DDCE /* Alamofire macOS Tests.xctest */,
				2C413EC32709D0620047DDCE /* Alamofire.framework */,
				2C413EC52709D0620047DDCE /* Alamofire tvOS Tests.xctest */,
				2C413EC72709D0620047DDCE /* Alamofire.framework */,
				2C413EC92709D0620047DDCE /* Alamofire watchOS Tests.xctest */,
			);
			name = Products;
			sourceTree = "<group>";
		};
		2C413ECE2709D0830047DDCE /* Products */ = {
			isa = PBXGroup;
			children = (
				2C413ED92709D0830047DDCE /* Alamofire.framework */,
				2C413EDB2709D0830047DDCE /* Alamofire iOS Tests.xctest */,
				2C413EDD2709D0830047DDCE /* Alamofire.framework */,
				2C413EDF2709D0830047DDCE /* Alamofire macOS Tests.xctest */,
				2C413EE12709D0830047DDCE /* Alamofire.framework */,
				2C413EE32709D0830047DDCE /* Alamofire tvOS Tests.xctest */,
				2C413EE52709D0830047DDCE /* Alamofire.framework */,
				2C413EE72709D0830047DDCE /* Alamofire watchOS Tests.xctest */,
			);
			name = Products;
			sourceTree = "<group>";
		};
		2C4315A4270C360C00D58811 /* Products */ = {
			isa = PBXGroup;
			children = (
				2C4315BF270C360C00D58811 /* SwiftyJSON.framework */,
				2C4315C1270C360C00D58811 /* SwiftyJSON iOS Tests.xctest */,
				2C4315C3270C360C00D58811 /* SwiftyJSON.framework */,
				2C4315C5270C360C00D58811 /* SwiftyJSON macOS Tests.xctest */,
				2C4315C7270C360C00D58811 /* SwiftyJSON.framework */,
				2C4315C9270C360C00D58811 /* SwiftyJSON.framework */,
				2C4315CB270C360C00D58811 /* SwiftyJSON tvOS Tests.xctest */,
			);
			name = Products;
			sourceTree = "<group>";
		};
/* End PBXGroup section */

/* Begin PBXNativeTarget section */
		2C413E4826FE41680047DDCE /* ShakeApp */ = {
			isa = PBXNativeTarget;
			buildConfigurationList = 2C413E5D26FE41690047DDCE /* Build configuration list for PBXNativeTarget "ShakeApp" */;
			buildPhases = (
				2C413E4526FE41680047DDCE /* Sources */,
				2C413E4626FE41680047DDCE /* Frameworks */,
				2C413E4726FE41680047DDCE /* Resources */,
				2C413ECC2709D0700047DDCE /* Embed Frameworks */,
			);
			buildRules = (
			);
			dependencies = (
			);
			name = ShakeApp;
			productName = ShakeApp;
			productReference = 2C413E4926FE41680047DDCE /* ShakeApp.app */;
			productType = "com.apple.product-type.application";
		};
/* End PBXNativeTarget section */

/* Begin PBXProject section */
		2C413E4126FE41680047DDCE /* Project object */ = {
			isa = PBXProject;
			attributes = {
				LastSwiftUpdateCheck = 1250;
				LastUpgradeCheck = 1250;
				TargetAttributes = {
					2C413E4826FE41680047DDCE = {
						CreatedOnToolsVersion = 12.5;
					};
				};
			};
			buildConfigurationList = 2C413E4426FE41680047DDCE /* Build configuration list for PBXProject "ShakeApp" */;
			compatibilityVersion = "Xcode 9.3";
			developmentRegion = en;
			hasScannedForEncodings = 0;
			knownRegions = (
				en,
				Base,
			);
			mainGroup = 2C413E4026FE41680047DDCE;
			productRefGroup = 2C413E4A26FE41680047DDCE /* Products */;
			projectDirPath = "";
			projectReferences = (
				{
					ProductGroup = 2C413ECE2709D0830047DDCE /* Products */;
					ProjectRef = 2C413ECD2709D0830047DDCE /* Alamofire.xcodeproj */;
				},
				{
					ProductGroup = 2C413EB02709D0620047DDCE /* Products */;
					ProjectRef = 2C413EAF2709D0620047DDCE /* Alamofire.xcodeproj */;
				},
				{
					ProductGroup = 2C4315A4270C360C00D58811 /* Products */;
					ProjectRef = 2C4315A3270C360C00D58811 /* SwiftyJSON.xcodeproj */;
				},
			);
			projectRoot = "";
			targets = (
				2C413E4826FE41680047DDCE /* ShakeApp */,
			);
		};
/* End PBXProject section */

/* Begin PBXReferenceProxy section */
		2C413EBB2709D0620047DDCE /* Alamofire.framework */ = {
			isa = PBXReferenceProxy;
			fileType = wrapper.framework;
			path = Alamofire.framework;
			remoteRef = 2C413EBA2709D0620047DDCE /* PBXContainerItemProxy */;
			sourceTree = BUILT_PRODUCTS_DIR;
		};
		2C413EBD2709D0620047DDCE /* Alamofire iOS Tests.xctest */ = {
			isa = PBXReferenceProxy;
			fileType = wrapper.cfbundle;
			path = "Alamofire iOS Tests.xctest";
			remoteRef = 2C413EBC2709D0620047DDCE /* PBXContainerItemProxy */;
			sourceTree = BUILT_PRODUCTS_DIR;
		};
		2C413EBF2709D0620047DDCE /* Alamofire.framework */ = {
			isa = PBXReferenceProxy;
			fileType = wrapper.framework;
			path = Alamofire.framework;
			remoteRef = 2C413EBE2709D0620047DDCE /* PBXContainerItemProxy */;
			sourceTree = BUILT_PRODUCTS_DIR;
		};
		2C413EC12709D0620047DDCE /* Alamofire macOS Tests.xctest */ = {
			isa = PBXReferenceProxy;
			fileType = wrapper.cfbundle;
			path = "Alamofire macOS Tests.xctest";
			remoteRef = 2C413EC02709D0620047DDCE /* PBXContainerItemProxy */;
			sourceTree = BUILT_PRODUCTS_DIR;
		};
		2C413EC32709D0620047DDCE /* Alamofire.framework */ = {
			isa = PBXReferenceProxy;
			fileType = wrapper.framework;
			path = Alamofire.framework;
			remoteRef = 2C413EC22709D0620047DDCE /* PBXContainerItemProxy */;
			sourceTree = BUILT_PRODUCTS_DIR;
		};
		2C413EC52709D0620047DDCE /* Alamofire tvOS Tests.xctest */ = {
			isa = PBXReferenceProxy;
			fileType = wrapper.cfbundle;
			path = "Alamofire tvOS Tests.xctest";
			remoteRef = 2C413EC42709D0620047DDCE /* PBXContainerItemProxy */;
			sourceTree = BUILT_PRODUCTS_DIR;
		};
		2C413EC72709D0620047DDCE /* Alamofire.framework */ = {
			isa = PBXReferenceProxy;
			fileType = wrapper.framework;
			path = Alamofire.framework;
			remoteRef = 2C413EC62709D0620047DDCE /* PBXContainerItemProxy */;
			sourceTree = BUILT_PRODUCTS_DIR;
		};
		2C413EC92709D0620047DDCE /* Alamofire watchOS Tests.xctest */ = {
			isa = PBXReferenceProxy;
			fileType = wrapper.cfbundle;
			path = "Alamofire watchOS Tests.xctest";
			remoteRef = 2C413EC82709D0620047DDCE /* PBXContainerItemProxy */;
			sourceTree = BUILT_PRODUCTS_DIR;
		};
		2C413ED92709D0830047DDCE /* Alamofire.framework */ = {
			isa = PBXReferenceProxy;
			fileType = wrapper.framework;
			path = Alamofire.framework;
			remoteRef = 2C413ED82709D0830047DDCE /* PBXContainerItemProxy */;
			sourceTree = BUILT_PRODUCTS_DIR;
		};
		2C413EDB2709D0830047DDCE /* Alamofire iOS Tests.xctest */ = {
			isa = PBXReferenceProxy;
			fileType = wrapper.cfbundle;
			path = "Alamofire iOS Tests.xctest";
			remoteRef = 2C413EDA2709D0830047DDCE /* PBXContainerItemProxy */;
			sourceTree = BUILT_PRODUCTS_DIR;
		};
		2C413EDD2709D0830047DDCE /* Alamofire.framework */ = {
			isa = PBXReferenceProxy;
			fileType = wrapper.framework;
			path = Alamofire.framework;
			remoteRef = 2C413EDC2709D0830047DDCE /* PBXContainerItemProxy */;
			sourceTree = BUILT_PRODUCTS_DIR;
		};
		2C413EDF2709D0830047DDCE /* Alamofire macOS Tests.xctest */ = {
			isa = PBXReferenceProxy;
			fileType = wrapper.cfbundle;
			path = "Alamofire macOS Tests.xctest";
			remoteRef = 2C413EDE2709D0830047DDCE /* PBXContainerItemProxy */;
			sourceTree = BUILT_PRODUCTS_DIR;
		};
		2C413EE12709D0830047DDCE /* Alamofire.framework */ = {
			isa = PBXReferenceProxy;
			fileType = wrapper.framework;
			path = Alamofire.framework;
			remoteRef = 2C413EE02709D0830047DDCE /* PBXContainerItemProxy */;
			sourceTree = BUILT_PRODUCTS_DIR;
		};
		2C413EE32709D0830047DDCE /* Alamofire tvOS Tests.xctest */ = {
			isa = PBXReferenceProxy;
			fileType = wrapper.cfbundle;
			path = "Alamofire tvOS Tests.xctest";
			remoteRef = 2C413EE22709D0830047DDCE /* PBXContainerItemProxy */;
			sourceTree = BUILT_PRODUCTS_DIR;
		};
		2C413EE52709D0830047DDCE /* Alamofire.framework */ = {
			isa = PBXReferenceProxy;
			fileType = wrapper.framework;
			path = Alamofire.framework;
			remoteRef = 2C413EE42709D0830047DDCE /* PBXContainerItemProxy */;
			sourceTree = BUILT_PRODUCTS_DIR;
		};
		2C413EE72709D0830047DDCE /* Alamofire watchOS Tests.xctest */ = {
			isa = PBXReferenceProxy;
			fileType = wrapper.cfbundle;
			path = "Alamofire watchOS Tests.xctest";
			remoteRef = 2C413EE62709D0830047DDCE /* PBXContainerItemProxy */;
			sourceTree = BUILT_PRODUCTS_DIR;
		};
		2C4315BF270C360C00D58811 /* SwiftyJSON.framework */ = {
			isa = PBXReferenceProxy;
			fileType = wrapper.framework;
			path = SwiftyJSON.framework;
			remoteRef = 2C4315BE270C360C00D58811 /* PBXContainerItemProxy */;
			sourceTree = BUILT_PRODUCTS_DIR;
		};
		2C4315C1270C360C00D58811 /* SwiftyJSON iOS Tests.xctest */ = {
			isa = PBXReferenceProxy;
			fileType = wrapper.cfbundle;
			path = "SwiftyJSON iOS Tests.xctest";
			remoteRef = 2C4315C0270C360C00D58811 /* PBXContainerItemProxy */;
			sourceTree = BUILT_PRODUCTS_DIR;
		};
		2C4315C3270C360C00D58811 /* SwiftyJSON.framework */ = {
			isa = PBXReferenceProxy;
			fileType = wrapper.framework;
			path = SwiftyJSON.framework;
			remoteRef = 2C4315C2270C360C00D58811 /* PBXContainerItemProxy */;
			sourceTree = BUILT_PRODUCTS_DIR;
		};
		2C4315C5270C360C00D58811 /* SwiftyJSON macOS Tests.xctest */ = {
			isa = PBXReferenceProxy;
			fileType = wrapper.cfbundle;
			path = "SwiftyJSON macOS Tests.xctest";
			remoteRef = 2C4315C4270C360C00D58811 /* PBXContainerItemProxy */;
			sourceTree = BUILT_PRODUCTS_DIR;
		};
		2C4315C7270C360C00D58811 /* SwiftyJSON.framework */ = {
			isa = PBXReferenceProxy;
			fileType = wrapper.framework;
			path = SwiftyJSON.framework;
			remoteRef = 2C4315C6270C360C00D58811 /* PBXContainerItemProxy */;
			sourceTree = BUILT_PRODUCTS_DIR;
		};
		2C4315C9270C360C00D58811 /* SwiftyJSON.framework */ = {
			isa = PBXReferenceProxy;
			fileType = wrapper.framework;
			path = SwiftyJSON.framework;
			remoteRef = 2C4315C8270C360C00D58811 /* PBXContainerItemProxy */;
			sourceTree = BUILT_PRODUCTS_DIR;
		};
		2C4315CB270C360C00D58811 /* SwiftyJSON tvOS Tests.xctest */ = {
			isa = PBXReferenceProxy;
			fileType = wrapper.cfbundle;
			path = "SwiftyJSON tvOS Tests.xctest";
			remoteRef = 2C4315CA270C360C00D58811 /* PBXContainerItemProxy */;
			sourceTree = BUILT_PRODUCTS_DIR;
		};
/* End PBXReferenceProxy section */

/* Begin PBXResourcesBuildPhase section */
		2C413E4726FE41680047DDCE /* Resources */ = {
			isa = PBXResourcesBuildPhase;
			buildActionMask = 2147483647;
			files = (
				2C413E5926FE41690047DDCE /* LaunchScreen.storyboard in Resources */,
				2C413E5626FE41690047DDCE /* Assets.xcassets in Resources */,
				2C413E5426FE41680047DDCE /* Main.storyboard in Resources */,
			);
			runOnlyForDeploymentPostprocessing = 0;
		};
/* End PBXResourcesBuildPhase section */

/* Begin PBXSourcesBuildPhase section */
		2C413E4526FE41680047DDCE /* Sources */ = {
			isa = PBXSourcesBuildPhase;
			buildActionMask = 2147483647;
			files = (
				2C413E6526FF9DE40047DDCE /* ShakeGame.swift in Sources */,
				2C413E5126FE41680047DDCE /* ViewController.swift in Sources */,
				2C413E4D26FE41680047DDCE /* AppDelegate.swift in Sources */,
				2C413E4F26FE41680047DDCE /* SceneDelegate.swift in Sources */,
				2C413E6326FF9D7E0047DDCE /* SettingViewController.swift in Sources */,
			);
			runOnlyForDeploymentPostprocessing = 0;
		};
/* End PBXSourcesBuildPhase section */

/* Begin PBXVariantGroup section */
		2C413E5226FE41680047DDCE /* Main.storyboard */ = {
			isa = PBXVariantGroup;
			children = (
				2C413E5326FE41680047DDCE /* Base */,
			);
			name = Main.storyboard;
			sourceTree = "<group>";
		};
		2C413E5726FE41690047DDCE /* LaunchScreen.storyboard */ = {
			isa = PBXVariantGroup;
			children = (
				2C413E5826FE41690047DDCE /* Base */,
			);
			name = LaunchScreen.storyboard;
			sourceTree = "<group>";
		};
/* End PBXVariantGroup section */

/* Begin XCBuildConfiguration section */
		2C413E5B26FE41690047DDCE /* Debug */ = {
			isa = XCBuildConfiguration;
			buildSettings = {
				ALWAYS_SEARCH_USER_PATHS = NO;
				CLANG_ANALYZER_NONNULL = YES;
				CLANG_ANALYZER_NUMBER_OBJECT_CONVERSION = YES_AGGRESSIVE;
				CLANG_CXX_LANGUAGE_STANDARD = "gnu++14";
				CLANG_CXX_LIBRARY = "libc++";
				CLANG_ENABLE_MODULES = YES;
				CLANG_ENABLE_OBJC_ARC = YES;
				CLANG_ENABLE_OBJC_WEAK = YES;
				CLANG_WARN_BLOCK_CAPTURE_AUTORELEASING = YES;
				CLANG_WARN_BOOL_CONVERSION = YES;
				CLANG_WARN_COMMA = YES;
				CLANG_WARN_CONSTANT_CONVERSION = YES;
				CLANG_WARN_DEPRECATED_OBJC_IMPLEMENTATIONS = YES;
				CLANG_WARN_DIRECT_OBJC_ISA_USAGE = YES_ERROR;
				CLANG_WARN_DOCUMENTATION_COMMENTS = YES;
				CLANG_WARN_EMPTY_BODY = YES;
				CLANG_WARN_ENUM_CONVERSION = YES;
				CLANG_WARN_INFINITE_RECURSION = YES;
				CLANG_WARN_INT_CONVERSION = YES;
				CLANG_WARN_NON_LITERAL_NULL_CONVERSION = YES;
				CLANG_WARN_OBJC_IMPLICIT_RETAIN_SELF = YES;
				CLANG_WARN_OBJC_LITERAL_CONVERSION = YES;
				CLANG_WARN_OBJC_ROOT_CLASS = YES_ERROR;
				CLANG_WARN_QUOTED_INCLUDE_IN_FRAMEWORK_HEADER = YES;
				CLANG_WARN_RANGE_LOOP_ANALYSIS = YES;
				CLANG_WARN_STRICT_PROTOTYPES = YES;
				CLANG_WARN_SUSPICIOUS_MOVE = YES;
				CLANG_WARN_UNGUARDED_AVAILABILITY = YES_AGGRESSIVE;
				CLANG_WARN_UNREACHABLE_CODE = YES;
				CLANG_WARN__DUPLICATE_METHOD_MATCH = YES;
				COPY_PHASE_STRIP = NO;
				DEBUG_INFORMATION_FORMAT = dwarf;
				ENABLE_STRICT_OBJC_MSGSEND = YES;
				ENABLE_TESTABILITY = YES;
				GCC_C_LANGUAGE_STANDARD = gnu11;
				GCC_DYNAMIC_NO_PIC = NO;
				GCC_NO_COMMON_BLOCKS = YES;
				GCC_OPTIMIZATION_LEVEL = 0;
				GCC_PREPROCESSOR_DEFINITIONS = (
					"DEBUG=1",
					"$(inherited)",
				);
				GCC_WARN_64_TO_32_BIT_CONVERSION = YES;
				GCC_WARN_ABOUT_RETURN_TYPE = YES_ERROR;
				GCC_WARN_UNDECLARED_SELECTOR = YES;
				GCC_WARN_UNINITIALIZED_AUTOS = YES_AGGRESSIVE;
				GCC_WARN_UNUSED_FUNCTION = YES;
				GCC_WARN_UNUSED_VARIABLE = YES;
				IPHONEOS_DEPLOYMENT_TARGET = 14.5;
				MTL_ENABLE_DEBUG_INFO = INCLUDE_SOURCE;
				MTL_FAST_MATH = YES;
				ONLY_ACTIVE_ARCH = YES;
				SDKROOT = iphoneos;
				SWIFT_ACTIVE_COMPILATION_CONDITIONS = DEBUG;
				SWIFT_OPTIMIZATION_LEVEL = "-Onone";
			};
			name = Debug;
		};
		2C413E5C26FE41690047DDCE /* Release */ = {
			isa = XCBuildConfiguration;
			buildSettings = {
				ALWAYS_SEARCH_USER_PATHS = NO;
				CLANG_ANALYZER_NONNULL = YES;
				CLANG_ANALYZER_NUMBER_OBJECT_CONVERSION = YES_AGGRESSIVE;
				CLANG_CXX_LANGUAGE_STANDARD = "gnu++14";
				CLANG_CXX_LIBRARY = "libc++";
				CLANG_ENABLE_MODULES = YES;
				CLANG_ENABLE_OBJC_ARC = YES;
				CLANG_ENABLE_OBJC_WEAK = YES;
				CLANG_WARN_BLOCK_CAPTURE_AUTORELEASING = YES;
				CLANG_WARN_BOOL_CONVERSION = YES;
				CLANG_WARN_COMMA = YES;
				CLANG_WARN_CONSTANT_CONVERSION = YES;
				CLANG_WARN_DEPRECATED_OBJC_IMPLEMENTATIONS = YES;
				CLANG_WARN_DIRECT_OBJC_ISA_USAGE = YES_ERROR;
				CLANG_WARN_DOCUMENTATION_COMMENTS = YES;
				CLANG_WARN_EMPTY_BODY = YES;
				CLANG_WARN_ENUM_CONVERSION = YES;
				CLANG_WARN_INFINITE_RECURSION = YES;
				CLANG_WARN_INT_CONVERSION = YES;
				CLANG_WARN_NON_LITERAL_NULL_CONVERSION = YES;
				CLANG_WARN_OBJC_IMPLICIT_RETAIN_SELF = YES;
				CLANG_WARN_OBJC_LITERAL_CONVERSION = YES;
				CLANG_WARN_OBJC_ROOT_CLASS = YES_ERROR;
				CLANG_WARN_QUOTED_INCLUDE_IN_FRAMEWORK_HEADER = YES;
				CLANG_WARN_RANGE_LOOP_ANALYSIS = YES;
				CLANG_WARN_STRICT_PROTOTYPES = YES;
				CLANG_WARN_SUSPICIOUS_MOVE = YES;
				CLANG_WARN_UNGUARDED_AVAILABILITY = YES_AGGRESSIVE;
				CLANG_WARN_UNREACHABLE_CODE = YES;
				CLANG_WARN__DUPLICATE_METHOD_MATCH = YES;
				COPY_PHASE_STRIP = NO;
				DEBUG_INFORMATION_FORMAT = "dwarf-with-dsym";
				ENABLE_NS_ASSERTIONS = NO;
				ENABLE_STRICT_OBJC_MSGSEND = YES;
				GCC_C_LANGUAGE_STANDARD = gnu11;
				GCC_NO_COMMON_BLOCKS = YES;
				GCC_WARN_64_TO_32_BIT_CONVERSION = YES;
				GCC_WARN_ABOUT_RETURN_TYPE = YES_ERROR;
				GCC_WARN_UNDECLARED_SELECTOR = YES;
				GCC_WARN_UNINITIALIZED_AUTOS = YES_AGGRESSIVE;
				GCC_WARN_UNUSED_FUNCTION = YES;
				GCC_WARN_UNUSED_VARIABLE = YES;
				IPHONEOS_DEPLOYMENT_TARGET = 14.5;
				MTL_ENABLE_DEBUG_INFO = NO;
				MTL_FAST_MATH = YES;
				SDKROOT = iphoneos;
				SWIFT_COMPILATION_MODE = wholemodule;
				SWIFT_OPTIMIZATION_LEVEL = "-O";
				VALIDATE_PRODUCT = YES;
			};
			name = Release;
		};
		2C413E5E26FE41690047DDCE /* Debug */ = {
			isa = XCBuildConfiguration;
			buildSettings = {
				ASSETCATALOG_COMPILER_APPICON_NAME = AppIcon;
				ASSETCATALOG_COMPILER_GLOBAL_ACCENT_COLOR_NAME = AccentColor;
				CODE_SIGN_STYLE = Automatic;
				DEVELOPMENT_TEAM = 3VL3B8WDHX;
				INFOPLIST_FILE = ShakeApp/Info.plist;
				LD_RUNPATH_SEARCH_PATHS = (
					"$(inherited)",
					"@executable_path/Frameworks",
				);
				MARKETING_VERSION = 1.1;
				PRODUCT_BUNDLE_IDENTIFIER = firstApp.ShakeApp;
				PRODUCT_NAME = "$(TARGET_NAME)";
				SWIFT_VERSION = 5.0;
				TARGETED_DEVICE_FAMILY = 1;
			};
			name = Debug;
		};
		2C413E5F26FE41690047DDCE /* Release */ = {
			isa = XCBuildConfiguration;
			buildSettings = {
				ASSETCATALOG_COMPILER_APPICON_NAME = AppIcon;
				ASSETCATALOG_COMPILER_GLOBAL_ACCENT_COLOR_NAME = AccentColor;
				CODE_SIGN_STYLE = Automatic;
				DEVELOPMENT_TEAM = 3VL3B8WDHX;
				INFOPLIST_FILE = ShakeApp/Info.plist;
				LD_RUNPATH_SEARCH_PATHS = (
					"$(inherited)",
					"@executable_path/Frameworks",
				);
				MARKETING_VERSION = 1.1;
				PRODUCT_BUNDLE_IDENTIFIER = firstApp.ShakeApp;
				PRODUCT_NAME = "$(TARGET_NAME)";
				SWIFT_VERSION = 5.0;
				TARGETED_DEVICE_FAMILY = 1;
			};
			name = Release;
		};
/* End XCBuildConfiguration section */

/* Begin XCConfigurationList section */
		2C413E4426FE41680047DDCE /* Build configuration list for PBXProject "ShakeApp" */ = {
			isa = XCConfigurationList;
			buildConfigurations = (
				2C413E5B26FE41690047DDCE /* Debug */,
				2C413E5C26FE41690047DDCE /* Release */,
			);
			defaultConfigurationIsVisible = 0;
			defaultConfigurationName = Release;
		};
		2C413E5D26FE41690047DDCE /* Build configuration list for PBXNativeTarget "ShakeApp" */ = {
			isa = XCConfigurationList;
			buildConfigurations = (
				2C413E5E26FE41690047DDCE /* Debug */,
				2C413E5F26FE41690047DDCE /* Release */,
			);
			defaultConfigurationIsVisible = 0;
			defaultConfigurationName = Release;
		};
/* End XCConfigurationList section */
	};
	rootObject = 2C413E4126FE41680047DDCE /* Project object */;
}
